
Microsoft Visual Studio Solution File, Format Version 12.00
# Visual Studio Version 16
VisualStudioVersion = 16.0.34601.136
MinimumVisualStudioVersion = 10.0.40219.1
Project("{FAE04EC0-301F-11D3-BF4B-00C04F79EFBC}") = "codetest3", "codetest3.csproj", "{C222FE24-45A6-4FF7-993F-4C4FDB8F2C86}"
EndProject
Global
	GlobalSection(SolutionConfigurationPlatforms) = preSolution
		Debug|Any CPU = Debug|Any CPU
		Release|Any CPU = Release|Any CPU
	EndGlobalSection
	GlobalSection(ProjectConfigurationPlatforms) = postSolution
		{C222FE24-45A6-4FF7-993F-4C4FDB8F2C86}.Debug|Any CPU.ActiveCfg = Debug|Any CPU
		{C222FE24-45A6-4FF7-993F-4C4FDB8F2C86}.Debug|Any CPU.Build.0 = Debug|Any CPU
		{C222FE24-45A6-4FF7-993F-4C4FDB8F2C86}.Release|Any CPU.ActiveCfg = Release|Any CPU
		{C222FE24-45A6-4FF7-993F-4C4FDB8F2C86}.Release|Any CPU.Build.0 = Release|Any CPU
	EndGlobalSection
	GlobalSection(SolutionProperties) = preSolution
		HideSolutionNode = FALSE
	EndGlobalSection
	GlobalSection(ExtensibilityGlobals) = postSolution
		SolutionGuid = {CF4E88D1-77E6-4D6A-99E3-C206B1533E0B}
	EndGlobalSection
EndGlobal
