
Microsoft Visual Studio Solution File, Format Version 12.00
# Visual Studio Version 16
VisualStudioVersion = 16.0.34601.136
MinimumVisualStudioVersion = 10.0.40219.1
Project("{FAE04EC0-301F-11D3-BF4B-00C04F79EFBC}") = "assignment1", "assignment1.csproj", "{D13B21E4-8578-4D74-8463-4B47D1841ADD}"
EndProject
Global
	GlobalSection(SolutionConfigurationPlatforms) = preSolution
		Debug|Any CPU = Debug|Any CPU
		Release|Any CPU = Release|Any CPU
	EndGlobalSection
	GlobalSection(ProjectConfigurationPlatforms) = postSolution
		{D13B21E4-8578-4D74-8463-4B47D1841ADD}.Debug|Any CPU.ActiveCfg = Debug|Any CPU
		{D13B21E4-8578-4D74-8463-4B47D1841ADD}.Debug|Any CPU.Build.0 = Debug|Any CPU
		{D13B21E4-8578-4D74-8463-4B47D1841ADD}.Release|Any CPU.ActiveCfg = Release|Any CPU
		{D13B21E4-8578-4D74-8463-4B47D1841ADD}.Release|Any CPU.Build.0 = Release|Any CPU
	EndGlobalSection
	GlobalSection(SolutionProperties) = preSolution
		HideSolutionNode = FALSE
	EndGlobalSection
	GlobalSection(ExtensibilityGlobals) = postSolution
		SolutionGuid = {F1369DB7-FE2C-4708-83C0-05709ECD4D77}
	EndGlobalSection
EndGlobal
