
Microsoft Visual Studio Solution File, Format Version 12.00
# Visual Studio Version 16
VisualStudioVersion = 16.0.34601.136
MinimumVisualStudioVersion = 10.0.40219.1
Project("{FAE04EC0-301F-11D3-BF4B-00C04F79EFBC}") = "codetest1", "codetest1.csproj", "{606B41FD-2589-420A-8051-6F4706DBCF50}"
EndProject
Global
	GlobalSection(SolutionConfigurationPlatforms) = preSolution
		Debug|Any CPU = Debug|Any CPU
		Release|Any CPU = Release|Any CPU
	EndGlobalSection
	GlobalSection(ProjectConfigurationPlatforms) = postSolution
		{606B41FD-2589-420A-8051-6F4706DBCF50}.Debug|Any CPU.ActiveCfg = Debug|Any CPU
		{606B41FD-2589-420A-8051-6F4706DBCF50}.Debug|Any CPU.Build.0 = Debug|Any CPU
		{606B41FD-2589-420A-8051-6F4706DBCF50}.Release|Any CPU.ActiveCfg = Release|Any CPU
		{606B41FD-2589-420A-8051-6F4706DBCF50}.Release|Any CPU.Build.0 = Release|Any CPU
	EndGlobalSection
	GlobalSection(SolutionProperties) = preSolution
		HideSolutionNode = FALSE
	EndGlobalSection
	GlobalSection(ExtensibilityGlobals) = postSolution
		SolutionGuid = {A0737A60-4644-480F-9C9B-8C8F56AB179C}
	EndGlobalSection
EndGlobal
