
Microsoft Visual Studio Solution File, Format Version 12.00
# Visual Studio Version 16
VisualStudioVersion = 16.0.34601.136
MinimumVisualStudioVersion = 10.0.40219.1
Project("{FAE04EC0-301F-11D3-BF4B-00C04F79EFBC}") = "codetest2", "codetest2.csproj", "{DCDEED31-B044-40DD-9D1C-7AF350B0A2D6}"
EndProject
Global
	GlobalSection(SolutionConfigurationPlatforms) = preSolution
		Debug|Any CPU = Debug|Any CPU
		Release|Any CPU = Release|Any CPU
	EndGlobalSection
	GlobalSection(ProjectConfigurationPlatforms) = postSolution
		{DCDEED31-B044-40DD-9D1C-7AF350B0A2D6}.Debug|Any CPU.ActiveCfg = Debug|Any CPU
		{DCDEED31-B044-40DD-9D1C-7AF350B0A2D6}.Debug|Any CPU.Build.0 = Debug|Any CPU
		{DCDEED31-B044-40DD-9D1C-7AF350B0A2D6}.Release|Any CPU.ActiveCfg = Release|Any CPU
		{DCDEED31-B044-40DD-9D1C-7AF350B0A2D6}.Release|Any CPU.Build.0 = Release|Any CPU
	EndGlobalSection
	GlobalSection(SolutionProperties) = preSolution
		HideSolutionNode = FALSE
	EndGlobalSection
	GlobalSection(ExtensibilityGlobals) = postSolution
		SolutionGuid = {8911AD8B-0717-46B1-B6BA-1BA7CE77DE4E}
	EndGlobalSection
EndGlobal
