
Microsoft Visual Studio Solution File, Format Version 12.00
# Visual Studio Version 16
VisualStudioVersion = 16.0.34601.136
MinimumVisualStudioVersion = 10.0.40219.1
Project("{FAE04EC0-301F-11D3-BF4B-00C04F79EFBC}") = "Q4", "Q4.csproj", "{0BDF0ED0-CD46-4357-8D43-F5F66498841C}"
EndProject
Global
	GlobalSection(SolutionConfigurationPlatforms) = preSolution
		Debug|Any CPU = Debug|Any CPU
		Release|Any CPU = Release|Any CPU
	EndGlobalSection
	GlobalSection(ProjectConfigurationPlatforms) = postSolution
		{0BDF0ED0-CD46-4357-8D43-F5F66498841C}.Debug|Any CPU.ActiveCfg = Debug|Any CPU
		{0BDF0ED0-CD46-4357-8D43-F5F66498841C}.Debug|Any CPU.Build.0 = Debug|Any CPU
		{0BDF0ED0-CD46-4357-8D43-F5F66498841C}.Release|Any CPU.ActiveCfg = Release|Any CPU
		{0BDF0ED0-CD46-4357-8D43-F5F66498841C}.Release|Any CPU.Build.0 = Release|Any CPU
	EndGlobalSection
	GlobalSection(SolutionProperties) = preSolution
		HideSolutionNode = FALSE
	EndGlobalSection
	GlobalSection(ExtensibilityGlobals) = postSolution
		SolutionGuid = {215FE531-7007-4017-AE70-ED9C74AC7FB9}
	EndGlobalSection
EndGlobal
