
Microsoft Visual Studio Solution File, Format Version 12.00
# Visual Studio Version 16
VisualStudioVersion = 16.0.34601.136
MinimumVisualStudioVersion = 10.0.40219.1
Project("{FAE04EC0-301F-11D3-BF4B-00C04F79EFBC}") = "assignment1", "assignment1.csproj", "{870947BE-F2B1-4736-B457-705C773B2C6A}"
EndProject
Global
	GlobalSection(SolutionConfigurationPlatforms) = preSolution
		Debug|Any CPU = Debug|Any CPU
		Release|Any CPU = Release|Any CPU
	EndGlobalSection
	GlobalSection(ProjectConfigurationPlatforms) = postSolution
		{870947BE-F2B1-4736-B457-705C773B2C6A}.Debug|Any CPU.ActiveCfg = Debug|Any CPU
		{870947BE-F2B1-4736-B457-705C773B2C6A}.Debug|Any CPU.Build.0 = Debug|Any CPU
		{870947BE-F2B1-4736-B457-705C773B2C6A}.Release|Any CPU.ActiveCfg = Release|Any CPU
		{870947BE-F2B1-4736-B457-705C773B2C6A}.Release|Any CPU.Build.0 = Release|Any CPU
	EndGlobalSection
	GlobalSection(SolutionProperties) = preSolution
		HideSolutionNode = FALSE
	EndGlobalSection
	GlobalSection(ExtensibilityGlobals) = postSolution
		SolutionGuid = {32030BEC-CF95-4032-A586-CDAF857EC8C2}
	EndGlobalSection
EndGlobal
